
Microsoft Visual Studio Solution File, Format Version 12.00
# Visual Studio Version 16
VisualStudioVersion = 16.0.30128.74
MinimumVisualStudioVersion = 10.0.40219.1
Project("{FAE04EC0-301F-11D3-BF4B-00C04F79EFBC}") = "WebApplication1", "WebApplication1\WebApplication1.csproj", "{6CC35C9C-5D19-4404-B018-4E66724FB42A}"
EndProject
Global
	GlobalSection(SolutionConfigurationPlatforms) = preSolution
		Debug|Any CPU = Debug|Any CPU
		Release|Any CPU = Release|Any CPU
	EndGlobalSection
	GlobalSection(ProjectConfigurationPlatforms) = postSolution
		{6CC35C9C-5D19-4404-B018-4E66724FB42A}.Debug|Any CPU.ActiveCfg = Debug|Any CPU
		{6CC35C9C-5D19-4404-B018-4E66724FB42A}.Debug|Any CPU.Build.0 = Debug|Any CPU
		{6CC35C9C-5D19-4404-B018-4E66724FB42A}.Release|Any CPU.ActiveCfg = Release|Any CPU
		{6CC35C9C-5D19-4404-B018-4E66724FB42A}.Release|Any CPU.Build.0 = Release|Any CPU
	EndGlobalSection
	GlobalSection(SolutionProperties) = preSolution
		HideSolutionNode = FALSE
	EndGlobalSection
	GlobalSection(ExtensibilityGlobals) = postSolution
		SolutionGuid = {3DB32819-EB71-47F1-BEA6-3759C15AF932}
	EndGlobalSection
EndGlobal
